// !$*UTF8*$!
{
	archiveVersion = 1;
	classes = {
	};
	objectVersion = 46;
	objects = {

/* Begin PBXBuildFile section */
		1AC6FB21180E996B004C840B /* libcocos2d Mac.a in Frameworks */ = {isa = PBXBuildFile; fileRef = 1AC6FAF9180E9839004C840B /* libcocos2d Mac.a */; };
		1AC6FB30180E99EB004C840B /* libcocos2d iOS.a in Frameworks */ = {isa = PBXBuildFile; fileRef = 1AC6FB07180E9839004C840B /* libcocos2d iOS.a */; };
		1D60589F0D05DD5A006BFB54 /* Foundation.framework in Frameworks */ = {isa = PBXBuildFile; fileRef = 1D30AB110D05D00D00671497 /* Foundation.framework */; };
		1DF5F4E00D08C38300B7A737 /* UIKit.framework in Frameworks */ = {isa = PBXBuildFile; fileRef = 1DF5F4DF0D08C38300B7A737 /* UIKit.framework */; };
		288765A50DF7441C002DB57D /* CoreGraphics.framework in Frameworks */ = {isa = PBXBuildFile; fileRef = 288765A40DF7441C002DB57D /* CoreGraphics.framework */; };
		294D0D641D0D56D500F7F5D4 /* CoreText.framework in Frameworks */ = {isa = PBXBuildFile; fileRef = 294D0D631D0D56D500F7F5D4 /* CoreText.framework */; };
		3EACC98F19EE6D4300EB3C5E /* res in Resources */ = {isa = PBXBuildFile; fileRef = 3EACC98E19EE6D4300EB3C5E /* res */; };
		3EACC99019EE6D4300EB3C5E /* res in Resources */ = {isa = PBXBuildFile; fileRef = 3EACC98E19EE6D4300EB3C5E /* res */; };
		46880B8819C43A87006E1F66 /* AppDelegate.cpp in Sources */ = {isa = PBXBuildFile; fileRef = 46880B8419C43A87006E1F66 /* AppDelegate.cpp */; };
		46880B8919C43A87006E1F66 /* AppDelegate.cpp in Sources */ = {isa = PBXBuildFile; fileRef = 46880B8419C43A87006E1F66 /* AppDelegate.cpp */; };
		503AE0F817EB97AB00D1A890 /* Icon.icns in Resources */ = {isa = PBXBuildFile; fileRef = 503AE0F617EB97AB00D1A890 /* Icon.icns */; };
		503AE10017EB989F00D1A890 /* AppController.mm in Sources */ = {isa = PBXBuildFile; fileRef = 503AE0FB17EB989F00D1A890 /* AppController.mm */; };
		503AE10117EB989F00D1A890 /* main.m in Sources */ = {isa = PBXBuildFile; fileRef = 503AE0FC17EB989F00D1A890 /* main.m */; };
		503AE10217EB989F00D1A890 /* RootViewController.mm in Sources */ = {isa = PBXBuildFile; fileRef = 503AE0FF17EB989F00D1A890 /* RootViewController.mm */; };
		503AE10517EB98FF00D1A890 /* main.cpp in Sources */ = {isa = PBXBuildFile; fileRef = 503AE10317EB98FF00D1A890 /* main.cpp */; };
		503AE11B17EB9C5A00D1A890 /* IOKit.framework in Frameworks */ = {isa = PBXBuildFile; fileRef = 503AE11A17EB9C5A00D1A890 /* IOKit.framework */; };
		5087E76317EB910900C73F5D /* Foundation.framework in Frameworks */ = {isa = PBXBuildFile; fileRef = 1D30AB110D05D00D00671497 /* Foundation.framework */; };
		5087E76717EB910900C73F5D /* libz.dylib in Frameworks */ = {isa = PBXBuildFile; fileRef = BF170DB412928DE900B8313A /* libz.dylib */; };
		5087E76817EB910900C73F5D /* QuartzCore.framework in Frameworks */ = {isa = PBXBuildFile; fileRef = BF1C47EA1293683800B63C5D /* QuartzCore.framework */; };
		5087E76917EB910900C73F5D /* OpenAL.framework in Frameworks */ = {isa = PBXBuildFile; fileRef = D44C620B132DFF330009C878 /* OpenAL.framework */; };
		5087E76A17EB910900C73F5D /* AVFoundation.framework in Frameworks */ = {isa = PBXBuildFile; fileRef = D44C620D132DFF430009C878 /* AVFoundation.framework */; };
		5087E76B17EB910900C73F5D /* AudioToolbox.framework in Frameworks */ = {isa = PBXBuildFile; fileRef = D44C620F132DFF4E0009C878 /* AudioToolbox.framework */; };
		5087E77D17EB970100C73F5D /* Default-568h@2x.png in Resources */ = {isa = PBXBuildFile; fileRef = 5087E77217EB970100C73F5D /* Default-568h@2x.png */; };
		5087E77E17EB970100C73F5D /* Default.png in Resources */ = {isa = PBXBuildFile; fileRef = 5087E77317EB970100C73F5D /* Default.png */; };
		5087E77F17EB970100C73F5D /* Default@2x.png in Resources */ = {isa = PBXBuildFile; fileRef = 5087E77417EB970100C73F5D /* Default@2x.png */; };
		5087E78017EB970100C73F5D /* Icon-114.png in Resources */ = {isa = PBXBuildFile; fileRef = 5087E77517EB970100C73F5D /* Icon-114.png */; };
		5087E78117EB970100C73F5D /* Icon-120.png in Resources */ = {isa = PBXBuildFile; fileRef = 5087E77617EB970100C73F5D /* Icon-120.png */; };
		5087E78217EB970100C73F5D /* Icon-144.png in Resources */ = {isa = PBXBuildFile; fileRef = 5087E77717EB970100C73F5D /* Icon-144.png */; };
		5087E78317EB970100C73F5D /* Icon-152.png in Resources */ = {isa = PBXBuildFile; fileRef = 5087E77817EB970100C73F5D /* Icon-152.png */; };
		5087E78417EB970100C73F5D /* Icon-57.png in Resources */ = {isa = PBXBuildFile; fileRef = 5087E77917EB970100C73F5D /* Icon-57.png */; };
		5087E78517EB970100C73F5D /* Icon-72.png in Resources */ = {isa = PBXBuildFile; fileRef = 5087E77A17EB970100C73F5D /* Icon-72.png */; };
		5087E78617EB970100C73F5D /* Icon-76.png in Resources */ = {isa = PBXBuildFile; fileRef = 5087E77B17EB970100C73F5D /* Icon-76.png */; };
		5087E78917EB974C00C73F5D /* AppKit.framework in Frameworks */ = {isa = PBXBuildFile; fileRef = 5087E78817EB974C00C73F5D /* AppKit.framework */; };
		5087E78B17EB975400C73F5D /* OpenGL.framework in Frameworks */ = {isa = PBXBuildFile; fileRef = 5087E78A17EB975400C73F5D /* OpenGL.framework */; };
		50EF629617ECD46A001EB2F8 /* Icon-40.png in Resources */ = {isa = PBXBuildFile; fileRef = 50EF629217ECD46A001EB2F8 /* Icon-40.png */; };
		50EF629717ECD46A001EB2F8 /* Icon-58.png in Resources */ = {isa = PBXBuildFile; fileRef = 50EF629317ECD46A001EB2F8 /* Icon-58.png */; };
		50EF629817ECD46A001EB2F8 /* Icon-80.png in Resources */ = {isa = PBXBuildFile; fileRef = 50EF629417ECD46A001EB2F8 /* Icon-80.png */; };
		50EF629917ECD46A001EB2F8 /* Icon-100.png in Resources */ = {isa = PBXBuildFile; fileRef = 50EF629517ECD46A001EB2F8 /* Icon-100.png */; };
		50EF62A217ECD613001EB2F8 /* Icon-29.png in Resources */ = {isa = PBXBuildFile; fileRef = 50EF62A017ECD613001EB2F8 /* Icon-29.png */; };
		50EF62A317ECD613001EB2F8 /* Icon-50.png in Resources */ = {isa = PBXBuildFile; fileRef = 50EF62A117ECD613001EB2F8 /* Icon-50.png */; };
		521A8E6419F0C34300D177D7 /* Default-667h@2x.png in Resources */ = {isa = PBXBuildFile; fileRef = 521A8E6219F0C34300D177D7 /* Default-667h@2x.png */; };
		521A8E6519F0C34300D177D7 /* Default-736h@3x.png in Resources */ = {isa = PBXBuildFile; fileRef = 521A8E6319F0C34300D177D7 /* Default-736h@3x.png */; };
		521A8EA919F11F5000D177D7 /* fonts in Resources */ = {isa = PBXBuildFile; fileRef = 521A8EA819F11F5000D177D7 /* fonts */; };
		521A8EAA19F11F5000D177D7 /* fonts in Resources */ = {isa = PBXBuildFile; fileRef = 521A8EA819F11F5000D177D7 /* fonts */; };
		52B47A471A53D09C004E4C60 /* Security.framework in Frameworks */ = {isa = PBXBuildFile; fileRef = 52B47A461A53D09B004E4C60 /* Security.framework */; };
		8262943E1AAF051F00CB7CF7 /* Security.framework in Frameworks */ = {isa = PBXBuildFile; fileRef = 8262943D1AAF051F00CB7CF7 /* Security.framework */; };
		BA2C6C0E1F1A539E00735315 /* GoogleReward.cpp in Sources */ = {isa = PBXBuildFile; fileRef = BA2C6C0C1F1A539E00735315 /* GoogleReward.cpp */; };
		BA76C03C1F1D17CF00B084DE /* layoutButton.png in Resources */ = {isa = PBXBuildFile; fileRef = BA76C03B1F1D17CF00B084DE /* layoutButton.png */; };
		BA76C0401F1D1FFD00B084DE /* moneyItem.png in Resources */ = {isa = PBXBuildFile; fileRef = BA76C03F1F1D1FFD00B084DE /* moneyItem.png */; };
		BA76C0421F1D337E00B084DE /* buttonAddTime.png in Resources */ = {isa = PBXBuildFile; fileRef = BA76C0411F1D337E00B084DE /* buttonAddTime.png */; };
		BA76C0441F1D372100B084DE /* coin-reward.png in Resources */ = {isa = PBXBuildFile; fileRef = BA76C0431F1D372100B084DE /* coin-reward.png */; };
		BAB218271F192ABD0067DF4E /* logo.png in Resources */ = {isa = PBXBuildFile; fileRef = BAB217F91F192ABD0067DF4E /* logo.png */; };
		BAB218281F192ABD0067DF4E /* bg_Loading.png in Resources */ = {isa = PBXBuildFile; fileRef = BAB217FB1F192ABD0067DF4E /* bg_Loading.png */; };
		BAB218291F192ABD0067DF4E /* bgAnimal1.png in Resources */ = {isa = PBXBuildFile; fileRef = BAB217FC1F192ABD0067DF4E /* bgAnimal1.png */; };
		BAB2182A1F192ABD0067DF4E /* bgAnimal2.png in Resources */ = {isa = PBXBuildFile; fileRef = BAB217FD1F192ABD0067DF4E /* bgAnimal2.png */; };
		BAB2182B1F192ABD0067DF4E /* bgAnimal3.png in Resources */ = {isa = PBXBuildFile; fileRef = BAB217FE1F192ABD0067DF4E /* bgAnimal3.png */; };
		BAB2182C1F192ABD0067DF4E /* bgAnimal4.png in Resources */ = {isa = PBXBuildFile; fileRef = BAB217FF1F192ABD0067DF4E /* bgAnimal4.png */; };
		BAB2182D1F192ABD0067DF4E /* bgAnimal5.png in Resources */ = {isa = PBXBuildFile; fileRef = BAB218001F192ABD0067DF4E /* bgAnimal5.png */; };
		BAB2182E1F192ABD0067DF4E /* bgCountItem.png in Resources */ = {isa = PBXBuildFile; fileRef = BAB218011F192ABD0067DF4E /* bgCountItem.png */; };
		BAB2182F1F192ABD0067DF4E /* bgGameScene.png in Resources */ = {isa = PBXBuildFile; fileRef = BAB218021F192ABD0067DF4E /* bgGameScene.png */; };
		BAB218301F192ABD0067DF4E /* button-ok.png in Resources */ = {isa = PBXBuildFile; fileRef = BAB218031F192ABD0067DF4E /* button-ok.png */; };
		BAB218311F192ABD0067DF4E /* buttonBack.png in Resources */ = {isa = PBXBuildFile; fileRef = BAB218041F192ABD0067DF4E /* buttonBack.png */; };
		BAB218321F192ABD0067DF4E /* buttonPause.png in Resources */ = {isa = PBXBuildFile; fileRef = BAB218051F192ABD0067DF4E /* buttonPause.png */; };
		BAB218331F192ABD0067DF4E /* buttonRefresh.png in Resources */ = {isa = PBXBuildFile; fileRef = BAB218061F192ABD0067DF4E /* buttonRefresh.png */; };
		BAB218341F192ABD0067DF4E /* buttonSuggest.png in Resources */ = {isa = PBXBuildFile; fileRef = BAB218071F192ABD0067DF4E /* buttonSuggest.png */; };
		BAB218361F192ABD0067DF4E /* loading.png in Resources */ = {isa = PBXBuildFile; fileRef = BAB218091F192ABD0067DF4E /* loading.png */; };
		BAB218371F192ABD0067DF4E /* PikachuImage.plist in Resources */ = {isa = PBXBuildFile; fileRef = BAB2180A1F192ABD0067DF4E /* PikachuImage.plist */; };
		BAB218381F192ABD0067DF4E /* PikachuImage.png in Resources */ = {isa = PBXBuildFile; fileRef = BAB2180B1F192ABD0067DF4E /* PikachuImage.png */; };
		BAB218391F192ABD0067DF4E /* btnChart_Normal.png in Resources */ = {isa = PBXBuildFile; fileRef = BAB2180D1F192ABD0067DF4E /* btnChart_Normal.png */; };
		BAB2183A1F192ABD0067DF4E /* btnHelp_Normal.png in Resources */ = {isa = PBXBuildFile; fileRef = BAB2180E1F192ABD0067DF4E /* btnHelp_Normal.png */; };
		BAB2183B1F192ABD0067DF4E /* btnSoundOff.png in Resources */ = {isa = PBXBuildFile; fileRef = BAB2180F1F192ABD0067DF4E /* btnSoundOff.png */; };
		BAB2183C1F192ABD0067DF4E /* btnSoundOn_Normal.png in Resources */ = {isa = PBXBuildFile; fileRef = BAB218101F192ABD0067DF4E /* btnSoundOn_Normal.png */; };
		BAB2183D1F192ABD0067DF4E /* btnStart_Normal.png in Resources */ = {isa = PBXBuildFile; fileRef = BAB218111F192ABD0067DF4E /* btnStart_Normal.png */; };
		BAB2183E1F192ABD0067DF4E /* btnTheme_Normal.png in Resources */ = {isa = PBXBuildFile; fileRef = BAB218121F192ABD0067DF4E /* btnTheme_Normal.png */; };
		BAB2183F1F192ABD0067DF4E /* help.png in Resources */ = {isa = PBXBuildFile; fileRef = BAB218131F192ABD0067DF4E /* help.png */; };
		BAB218401F192ABD0067DF4E /* seeting_layer.png in Resources */ = {isa = PBXBuildFile; fileRef = BAB218141F192ABD0067DF4E /* seeting_layer.png */; };
		BAB218411F192ABD0067DF4E /* btn-close-back.png in Resources */ = {isa = PBXBuildFile; fileRef = BAB218161F192ABD0067DF4E /* btn-close-back.png */; };
		BAB218421F192ABD0067DF4E /* btn-mainhome-over.png in Resources */ = {isa = PBXBuildFile; fileRef = BAB218171F192ABD0067DF4E /* btn-mainhome-over.png */; };
		BAB218431F192ABD0067DF4E /* btn-next-win.png in Resources */ = {isa = PBXBuildFile; fileRef = BAB218181F192ABD0067DF4E /* btn-next-win.png */; };
		BAB218441F192ABD0067DF4E /* btn-ok-back.png in Resources */ = {isa = PBXBuildFile; fileRef = BAB218191F192ABD0067DF4E /* btn-ok-back.png */; };
		BAB218451F192ABD0067DF4E /* btn-replay-over.png in Resources */ = {isa = PBXBuildFile; fileRef = BAB2181A1F192ABD0067DF4E /* btn-replay-over.png */; };
		BAB218461F192ABD0067DF4E /* btnplay-pause.png in Resources */ = {isa = PBXBuildFile; fileRef = BAB2181B1F192ABD0067DF4E /* btnplay-pause.png */; };
		BAB218471F192ABD0067DF4E /* popup-back.png in Resources */ = {isa = PBXBuildFile; fileRef = BAB2181C1F192ABD0067DF4E /* popup-back.png */; };
		BAB218481F192ABD0067DF4E /* popup-gameover.png in Resources */ = {isa = PBXBuildFile; fileRef = BAB2181D1F192ABD0067DF4E /* popup-gameover.png */; };
		BAB218491F192ABD0067DF4E /* popup-pause.png in Resources */ = {isa = PBXBuildFile; fileRef = BAB2181E1F192ABD0067DF4E /* popup-pause.png */; };
		BAB2184A1F192ABD0067DF4E /* popup-refresh.png in Resources */ = {isa = PBXBuildFile; fileRef = BAB2181F1F192ABD0067DF4E /* popup-refresh.png */; };
		BAB2184B1F192ABD0067DF4E /* popup-win.png in Resources */ = {isa = PBXBuildFile; fileRef = BAB218201F192ABD0067DF4E /* popup-win.png */; };
		BAB2184C1F192ABD0067DF4E /* music.mp3 in Resources */ = {isa = PBXBuildFile; fileRef = BAB218221F192ABD0067DF4E /* music.mp3 */; };
		BAB2184D1F192ABD0067DF4E /* PClick.mp3 in Resources */ = {isa = PBXBuildFile; fileRef = BAB218231F192ABD0067DF4E /* PClick.mp3 */; };
		BAB2184E1F192ABD0067DF4E /* PMiss.mp3 in Resources */ = {isa = PBXBuildFile; fileRef = BAB218241F192ABD0067DF4E /* PMiss.mp3 */; };
		BAB2184F1F192ABD0067DF4E /* PSucces.mp3 in Resources */ = {isa = PBXBuildFile; fileRef = BAB218251F192ABD0067DF4E /* PSucces.mp3 */; };
		BAB218501F192ABD0067DF4E /* soundClick.mp3 in Resources */ = {isa = PBXBuildFile; fileRef = BAB218261F192ABD0067DF4E /* soundClick.mp3 */; };
		BAB218721F192ACA0067DF4E /* AdmodAndroid.cpp in Sources */ = {isa = PBXBuildFile; fileRef = BAB218511F192ACA0067DF4E /* AdmodAndroid.cpp */; };
		BAB218731F192ACA0067DF4E /* AIRandomSuggest.cpp in Sources */ = {isa = PBXBuildFile; fileRef = BAB218531F192ACA0067DF4E /* AIRandomSuggest.cpp */; };
		BAB218741F192ACA0067DF4E /* AlgorithmPikachu.cpp in Sources */ = {isa = PBXBuildFile; fileRef = BAB218551F192ACA0067DF4E /* AlgorithmPikachu.cpp */; };
		BAB218751F192ACA0067DF4E /* AlgorithmRandom.cpp in Sources */ = {isa = PBXBuildFile; fileRef = BAB218571F192ACA0067DF4E /* AlgorithmRandom.cpp */; };
		BAB218761F192ACA0067DF4E /* AndroidScene.cpp in Sources */ = {isa = PBXBuildFile; fileRef = BAB218591F192ACA0067DF4E /* AndroidScene.cpp */; };
		BAB218771F192ACA0067DF4E /* BaseOject.cpp in Sources */ = {isa = PBXBuildFile; fileRef = BAB2185B1F192ACA0067DF4E /* BaseOject.cpp */; };
		BAB218781F192ACA0067DF4E /* ButtonCustom.cpp in Sources */ = {isa = PBXBuildFile; fileRef = BAB2185D1F192ACA0067DF4E /* ButtonCustom.cpp */; };
		BAB218791F192ACA0067DF4E /* DataUser.cpp in Sources */ = {isa = PBXBuildFile; fileRef = BAB2185F1F192ACA0067DF4E /* DataUser.cpp */; };
		BAB2187A1F192ACA0067DF4E /* DrawLinePikachu.cpp in Sources */ = {isa = PBXBuildFile; fileRef = BAB218611F192ACA0067DF4E /* DrawLinePikachu.cpp */; };
		BAB2187B1F192ACA0067DF4E /* GameBoard.cpp in Sources */ = {isa = PBXBuildFile; fileRef = BAB218631F192ACA0067DF4E /* GameBoard.cpp */; };
		BAB2187C1F192ACA0067DF4E /* GameScene.cpp in Sources */ = {isa = PBXBuildFile; fileRef = BAB218661F192ACA0067DF4E /* GameScene.cpp */; };
		BAB2187D1F192ACA0067DF4E /* HomeScene.cpp in Sources */ = {isa = PBXBuildFile; fileRef = BAB218681F192ACA0067DF4E /* HomeScene.cpp */; };
		BAB2187E1F192ACA0067DF4E /* MyLine.cpp in Sources */ = {isa = PBXBuildFile; fileRef = BAB2186A1F192ACA0067DF4E /* MyLine.cpp */; };
		BAB2187F1F192ACA0067DF4E /* PikachuObject.cpp in Sources */ = {isa = PBXBuildFile; fileRef = BAB2186C1F192ACA0067DF4E /* PikachuObject.cpp */; };
		BAB218801F192ACA0067DF4E /* PopupGame.cpp in Sources */ = {isa = PBXBuildFile; fileRef = BAB2186E1F192ACA0067DF4E /* PopupGame.cpp */; };
		BAB218811F192ACA0067DF4E /* ProgressBarCustom.cpp in Sources */ = {isa = PBXBuildFile; fileRef = BAB218701F192ACA0067DF4E /* ProgressBarCustom.cpp */; };
		BF171245129291EC00B8313A /* OpenGLES.framework in Frameworks */ = {isa = PBXBuildFile; fileRef = BF170DB012928DE900B8313A /* OpenGLES.framework */; };
		BF1712471292920000B8313A /* libz.dylib in Frameworks */ = {isa = PBXBuildFile; fileRef = BF170DB412928DE900B8313A /* libz.dylib */; };
		BF1C47F01293687400B63C5D /* QuartzCore.framework in Frameworks */ = {isa = PBXBuildFile; fileRef = BF1C47EA1293683800B63C5D /* QuartzCore.framework */; };
		D44C620C132DFF330009C878 /* OpenAL.framework in Frameworks */ = {isa = PBXBuildFile; fileRef = D44C620B132DFF330009C878 /* OpenAL.framework */; };
		D44C620E132DFF430009C878 /* AVFoundation.framework in Frameworks */ = {isa = PBXBuildFile; fileRef = D44C620D132DFF430009C878 /* AVFoundation.framework */; };
		D44C6210132DFF4E0009C878 /* AudioToolbox.framework in Frameworks */ = {isa = PBXBuildFile; fileRef = D44C620F132DFF4E0009C878 /* AudioToolbox.framework */; };
		D6B0611B1803AB670077942B /* CoreMotion.framework in Frameworks */ = {isa = PBXBuildFile; fileRef = D6B0611A1803AB670077942B /* CoreMotion.framework */; };
		ED545A7C1B68A1F400C3958E /* libiconv.dylib in Frameworks */ = {isa = PBXBuildFile; fileRef = ED545A7B1B68A1F400C3958E /* libiconv.dylib */; };
		ED545A7E1B68A1FA00C3958E /* libiconv.dylib in Frameworks */ = {isa = PBXBuildFile; fileRef = ED545A7D1B68A1FA00C3958E /* libiconv.dylib */; };
/* End PBXBuildFile section */

/* Begin PBXContainerItemProxy section */
		1AC6FAF8180E9839004C840B /* PBXContainerItemProxy */ = {
			isa = PBXContainerItemProxy;
			containerPortal = 1AC6FAE5180E9839004C840B /* cocos2d_libs.xcodeproj */;
			proxyType = 2;
			remoteGlobalIDString = 1551A33F158F2AB200E66CFE;
			remoteInfo = "cocos2dx Mac";
		};
		1AC6FB06180E9839004C840B /* PBXContainerItemProxy */ = {
			isa = PBXContainerItemProxy;
			containerPortal = 1AC6FAE5180E9839004C840B /* cocos2d_libs.xcodeproj */;
			proxyType = 2;
			remoteGlobalIDString = A07A4D641783777C0073F6A7;
			remoteInfo = "cocos2dx iOS";
		};
		1AC6FB15180E9959004C840B /* PBXContainerItemProxy */ = {
			isa = PBXContainerItemProxy;
			containerPortal = 1AC6FAE5180E9839004C840B /* cocos2d_libs.xcodeproj */;
			proxyType = 1;
			remoteGlobalIDString = 1551A33E158F2AB200E66CFE;
			remoteInfo = "cocos2dx Mac";
		};
		1AC6FB24180E99E1004C840B /* PBXContainerItemProxy */ = {
			isa = PBXContainerItemProxy;
			containerPortal = 1AC6FAE5180E9839004C840B /* cocos2d_libs.xcodeproj */;
			proxyType = 1;
			remoteGlobalIDString = A07A4C241783777C0073F6A7;
			remoteInfo = "cocos2dx iOS";
		};
		BAB217F61F192AB30067DF4E /* PBXContainerItemProxy */ = {
			isa = PBXContainerItemProxy;
			containerPortal = 1AC6FAE5180E9839004C840B /* cocos2d_libs.xcodeproj */;
			proxyType = 2;
			remoteGlobalIDString = 507B40FD1C31BDD30067B53E;
			remoteInfo = "libcocos2d tvOS";
		};
/* End PBXContainerItemProxy section */

/* Begin PBXFileReference section */
		1AC6FAE5180E9839004C840B /* cocos2d_libs.xcodeproj */ = {isa = PBXFileReference; lastKnownFileType = "wrapper.pb-project"; name = cocos2d_libs.xcodeproj; path = ../cocos2d/build/cocos2d_libs.xcodeproj; sourceTree = "<group>"; };
		1ACB3243164770DE00914215 /* libcurl.a */ = {isa = PBXFileReference; lastKnownFileType = archive.ar; name = libcurl.a; path = ../../cocos2dx/platform/third_party/ios/libraries/libcurl.a; sourceTree = "<group>"; };
		1D30AB110D05D00D00671497 /* Foundation.framework */ = {isa = PBXFileReference; lastKnownFileType = wrapper.framework; name = Foundation.framework; path = System/Library/Frameworks/Foundation.framework; sourceTree = SDKROOT; };
		1D6058910D05DD3D006BFB54 /* PikachuOnetClassic-mobile.app */ = {isa = PBXFileReference; explicitFileType = wrapper.application; includeInIndex = 0; path = "PikachuOnetClassic-mobile.app"; sourceTree = BUILT_PRODUCTS_DIR; };
		1DF5F4DF0D08C38300B7A737 /* UIKit.framework */ = {isa = PBXFileReference; lastKnownFileType = wrapper.framework; name = UIKit.framework; path = System/Library/Frameworks/UIKit.framework; sourceTree = SDKROOT; };
		288765A40DF7441C002DB57D /* CoreGraphics.framework */ = {isa = PBXFileReference; lastKnownFileType = wrapper.framework; name = CoreGraphics.framework; path = System/Library/Frameworks/CoreGraphics.framework; sourceTree = SDKROOT; };
		294D0D631D0D56D500F7F5D4 /* CoreText.framework */ = {isa = PBXFileReference; lastKnownFileType = wrapper.framework; name = CoreText.framework; path = Platforms/iPhoneOS.platform/Developer/SDKs/iPhoneOS9.3.sdk/System/Library/Frameworks/CoreText.framework; sourceTree = DEVELOPER_DIR; };
		3EACC98E19EE6D4300EB3C5E /* res */ = {isa = PBXFileReference; lastKnownFileType = folder; path = res; sourceTree = "<group>"; };
		46880B8419C43A87006E1F66 /* AppDelegate.cpp */ = {isa = PBXFileReference; fileEncoding = 4; lastKnownFileType = sourcecode.cpp.cpp; path = AppDelegate.cpp; sourceTree = "<group>"; };
		46880B8519C43A87006E1F66 /* AppDelegate.h */ = {isa = PBXFileReference; fileEncoding = 4; lastKnownFileType = sourcecode.c.h; path = AppDelegate.h; sourceTree = "<group>"; };
		503AE0F617EB97AB00D1A890 /* Icon.icns */ = {isa = PBXFileReference; lastKnownFileType = image.icns; path = Icon.icns; sourceTree = "<group>"; };
		503AE0F717EB97AB00D1A890 /* Info.plist */ = {isa = PBXFileReference; fileEncoding = 4; lastKnownFileType = text.plist.xml; path = Info.plist; sourceTree = "<group>"; };
		503AE0FA17EB989F00D1A890 /* AppController.h */ = {isa = PBXFileReference; fileEncoding = 4; lastKnownFileType = sourcecode.c.h; name = AppController.h; path = ios/AppController.h; sourceTree = SOURCE_ROOT; };
		503AE0FB17EB989F00D1A890 /* AppController.mm */ = {isa = PBXFileReference; fileEncoding = 4; lastKnownFileType = sourcecode.cpp.objcpp; name = AppController.mm; path = ios/AppController.mm; sourceTree = SOURCE_ROOT; };
		503AE0FC17EB989F00D1A890 /* main.m */ = {isa = PBXFileReference; fileEncoding = 4; lastKnownFileType = sourcecode.c.objc; name = main.m; path = ios/main.m; sourceTree = SOURCE_ROOT; };
		503AE0FD17EB989F00D1A890 /* Prefix.pch */ = {isa = PBXFileReference; fileEncoding = 4; lastKnownFileType = sourcecode.c.h; name = Prefix.pch; path = ios/Prefix.pch; sourceTree = SOURCE_ROOT; };
		503AE0FE17EB989F00D1A890 /* RootViewController.h */ = {isa = PBXFileReference; fileEncoding = 4; lastKnownFileType = sourcecode.c.h; name = RootViewController.h; path = ios/RootViewController.h; sourceTree = SOURCE_ROOT; };
		503AE0FF17EB989F00D1A890 /* RootViewController.mm */ = {isa = PBXFileReference; fileEncoding = 4; lastKnownFileType = sourcecode.cpp.objcpp; name = RootViewController.mm; path = ios/RootViewController.mm; sourceTree = SOURCE_ROOT; };
		503AE10317EB98FF00D1A890 /* main.cpp */ = {isa = PBXFileReference; fileEncoding = 4; lastKnownFileType = sourcecode.cpp.cpp; name = main.cpp; path = mac/main.cpp; sourceTree = "<group>"; };
		503AE10417EB98FF00D1A890 /* Prefix.pch */ = {isa = PBXFileReference; fileEncoding = 4; lastKnownFileType = sourcecode.c.h; name = Prefix.pch; path = mac/Prefix.pch; sourceTree = "<group>"; };
		503AE11117EB99EE00D1A890 /* libcurl.dylib */ = {isa = PBXFileReference; lastKnownFileType = "compiled.mach-o.dylib"; name = libcurl.dylib; path = usr/lib/libcurl.dylib; sourceTree = SDKROOT; };
		503AE11A17EB9C5A00D1A890 /* IOKit.framework */ = {isa = PBXFileReference; lastKnownFileType = wrapper.framework; name = IOKit.framework; path = System/Library/Frameworks/IOKit.framework; sourceTree = SDKROOT; };
		5087E76F17EB910900C73F5D /* PikachuOnetClassic-desktop.app */ = {isa = PBXFileReference; explicitFileType = wrapper.application; includeInIndex = 0; path = "PikachuOnetClassic-desktop.app"; sourceTree = BUILT_PRODUCTS_DIR; };
		5087E77217EB970100C73F5D /* Default-568h@2x.png */ = {isa = PBXFileReference; lastKnownFileType = image.png; path = "Default-568h@2x.png"; sourceTree = "<group>"; };
		5087E77317EB970100C73F5D /* Default.png */ = {isa = PBXFileReference; lastKnownFileType = image.png; path = Default.png; sourceTree = "<group>"; };
		5087E77417EB970100C73F5D /* Default@2x.png */ = {isa = PBXFileReference; lastKnownFileType = image.png; path = "Default@2x.png"; sourceTree = "<group>"; };
		5087E77517EB970100C73F5D /* Icon-114.png */ = {isa = PBXFileReference; lastKnownFileType = image.png; path = "Icon-114.png"; sourceTree = "<group>"; };
		5087E77617EB970100C73F5D /* Icon-120.png */ = {isa = PBXFileReference; lastKnownFileType = image.png; path = "Icon-120.png"; sourceTree = "<group>"; };
		5087E77717EB970100C73F5D /* Icon-144.png */ = {isa = PBXFileReference; lastKnownFileType = image.png; path = "Icon-144.png"; sourceTree = "<group>"; };
		5087E77817EB970100C73F5D /* Icon-152.png */ = {isa = PBXFileReference; lastKnownFileType = image.png; path = "Icon-152.png"; sourceTree = "<group>"; };
		5087E77917EB970100C73F5D /* Icon-57.png */ = {isa = PBXFileReference; lastKnownFileType = image.png; path = "Icon-57.png"; sourceTree = "<group>"; };
		5087E77A17EB970100C73F5D /* Icon-72.png */ = {isa = PBXFileReference; lastKnownFileType = image.png; path = "Icon-72.png"; sourceTree = "<group>"; };
		5087E77B17EB970100C73F5D /* Icon-76.png */ = {isa = PBXFileReference; lastKnownFileType = image.png; path = "Icon-76.png"; sourceTree = "<group>"; };
		5087E77C17EB970100C73F5D /* Info.plist */ = {isa = PBXFileReference; fileEncoding = 4; lastKnownFileType = text.plist.xml; path = Info.plist; sourceTree = "<group>"; };
		5087E78817EB974C00C73F5D /* AppKit.framework */ = {isa = PBXFileReference; lastKnownFileType = wrapper.framework; name = AppKit.framework; path = System/Library/Frameworks/AppKit.framework; sourceTree = SDKROOT; };
		5087E78A17EB975400C73F5D /* OpenGL.framework */ = {isa = PBXFileReference; lastKnownFileType = wrapper.framework; name = OpenGL.framework; path = System/Library/Frameworks/OpenGL.framework; sourceTree = SDKROOT; };
		50EF629217ECD46A001EB2F8 /* Icon-40.png */ = {isa = PBXFileReference; lastKnownFileType = image.png; path = "Icon-40.png"; sourceTree = "<group>"; };
		50EF629317ECD46A001EB2F8 /* Icon-58.png */ = {isa = PBXFileReference; lastKnownFileType = image.png; path = "Icon-58.png"; sourceTree = "<group>"; };
		50EF629417ECD46A001EB2F8 /* Icon-80.png */ = {isa = PBXFileReference; lastKnownFileType = image.png; path = "Icon-80.png"; sourceTree = "<group>"; };
		50EF629517ECD46A001EB2F8 /* Icon-100.png */ = {isa = PBXFileReference; lastKnownFileType = image.png; path = "Icon-100.png"; sourceTree = "<group>"; };
		50EF62A017ECD613001EB2F8 /* Icon-29.png */ = {isa = PBXFileReference; lastKnownFileType = image.png; path = "Icon-29.png"; sourceTree = "<group>"; };
		50EF62A117ECD613001EB2F8 /* Icon-50.png */ = {isa = PBXFileReference; lastKnownFileType = image.png; path = "Icon-50.png"; sourceTree = "<group>"; };
		521A8E6219F0C34300D177D7 /* Default-667h@2x.png */ = {isa = PBXFileReference; lastKnownFileType = image.png; path = "Default-667h@2x.png"; sourceTree = "<group>"; };
		521A8E6319F0C34300D177D7 /* Default-736h@3x.png */ = {isa = PBXFileReference; lastKnownFileType = image.png; path = "Default-736h@3x.png"; sourceTree = "<group>"; };
		521A8EA819F11F5000D177D7 /* fonts */ = {isa = PBXFileReference; lastKnownFileType = folder; path = fonts; sourceTree = "<group>"; };
		52B47A461A53D09B004E4C60 /* Security.framework */ = {isa = PBXFileReference; lastKnownFileType = wrapper.framework; name = Security.framework; path = Platforms/iPhoneOS.platform/Developer/SDKs/iPhoneOS8.1.sdk/System/Library/Frameworks/Security.framework; sourceTree = DEVELOPER_DIR; };
		8262943D1AAF051F00CB7CF7 /* Security.framework */ = {isa = PBXFileReference; lastKnownFileType = wrapper.framework; name = Security.framework; path = System/Library/Frameworks/Security.framework; sourceTree = SDKROOT; };
		BA2C6C0C1F1A539E00735315 /* GoogleReward.cpp */ = {isa = PBXFileReference; fileEncoding = 4; lastKnownFileType = sourcecode.cpp.cpp; path = GoogleReward.cpp; sourceTree = "<group>"; };
		BA2C6C0D1F1A539E00735315 /* GoogleReward.h */ = {isa = PBXFileReference; fileEncoding = 4; lastKnownFileType = sourcecode.c.h; path = GoogleReward.h; sourceTree = "<group>"; };
		BA76C03B1F1D17CF00B084DE /* layoutButton.png */ = {isa = PBXFileReference; lastKnownFileType = image.png; path = layoutButton.png; sourceTree = "<group>"; };
		BA76C03F1F1D1FFD00B084DE /* moneyItem.png */ = {isa = PBXFileReference; lastKnownFileType = image.png; path = moneyItem.png; sourceTree = "<group>"; };
		BA76C0411F1D337E00B084DE /* buttonAddTime.png */ = {isa = PBXFileReference; lastKnownFileType = image.png; path = buttonAddTime.png; sourceTree = "<group>"; };
		BA76C0431F1D372100B084DE /* coin-reward.png */ = {isa = PBXFileReference; lastKnownFileType = image.png; path = "coin-reward.png"; sourceTree = "<group>"; };
		BAB217F91F192ABD0067DF4E /* logo.png */ = {isa = PBXFileReference; lastKnownFileType = image.png; path = logo.png; sourceTree = "<group>"; };
		BAB217FB1F192ABD0067DF4E /* bg_Loading.png */ = {isa = PBXFileReference; lastKnownFileType = image.png; path = bg_Loading.png; sourceTree = "<group>"; };
		BAB217FC1F192ABD0067DF4E /* bgAnimal1.png */ = {isa = PBXFileReference; lastKnownFileType = image.png; path = bgAnimal1.png; sourceTree = "<group>"; };
		BAB217FD1F192ABD0067DF4E /* bgAnimal2.png */ = {isa = PBXFileReference; lastKnownFileType = image.png; path = bgAnimal2.png; sourceTree = "<group>"; };
		BAB217FE1F192ABD0067DF4E /* bgAnimal3.png */ = {isa = PBXFileReference; lastKnownFileType = image.png; path = bgAnimal3.png; sourceTree = "<group>"; };
		BAB217FF1F192ABD0067DF4E /* bgAnimal4.png */ = {isa = PBXFileReference; lastKnownFileType = image.png; path = bgAnimal4.png; sourceTree = "<group>"; };
		BAB218001F192ABD0067DF4E /* bgAnimal5.png */ = {isa = PBXFileReference; lastKnownFileType = image.png; path = bgAnimal5.png; sourceTree = "<group>"; };
		BAB218011F192ABD0067DF4E /* bgCountItem.png */ = {isa = PBXFileReference; lastKnownFileType = image.png; path = bgCountItem.png; sourceTree = "<group>"; };
		BAB218021F192ABD0067DF4E /* bgGameScene.png */ = {isa = PBXFileReference; lastKnownFileType = image.png; path = bgGameScene.png; sourceTree = "<group>"; };
		BAB218031F192ABD0067DF4E /* button-ok.png */ = {isa = PBXFileReference; lastKnownFileType = image.png; path = "button-ok.png"; sourceTree = "<group>"; };
		BAB218041F192ABD0067DF4E /* buttonBack.png */ = {isa = PBXFileReference; lastKnownFileType = image.png; path = buttonBack.png; sourceTree = "<group>"; };
		BAB218051F192ABD0067DF4E /* buttonPause.png */ = {isa = PBXFileReference; lastKnownFileType = image.png; path = buttonPause.png; sourceTree = "<group>"; };
		BAB218061F192ABD0067DF4E /* buttonRefresh.png */ = {isa = PBXFileReference; lastKnownFileType = image.png; path = buttonRefresh.png; sourceTree = "<group>"; };
		BAB218071F192ABD0067DF4E /* buttonSuggest.png */ = {isa = PBXFileReference; lastKnownFileType = image.png; path = buttonSuggest.png; sourceTree = "<group>"; };
		BAB218091F192ABD0067DF4E /* loading.png */ = {isa = PBXFileReference; lastKnownFileType = image.png; path = loading.png; sourceTree = "<group>"; };
		BAB2180A1F192ABD0067DF4E /* PikachuImage.plist */ = {isa = PBXFileReference; fileEncoding = 4; lastKnownFileType = text.plist.xml; path = PikachuImage.plist; sourceTree = "<group>"; };
		BAB2180B1F192ABD0067DF4E /* PikachuImage.png */ = {isa = PBXFileReference; lastKnownFileType = image.png; path = PikachuImage.png; sourceTree = "<group>"; };
		BAB2180D1F192ABD0067DF4E /* btnChart_Normal.png */ = {isa = PBXFileReference; lastKnownFileType = image.png; path = btnChart_Normal.png; sourceTree = "<group>"; };
		BAB2180E1F192ABD0067DF4E /* btnHelp_Normal.png */ = {isa = PBXFileReference; lastKnownFileType = image.png; path = btnHelp_Normal.png; sourceTree = "<group>"; };
		BAB2180F1F192ABD0067DF4E /* btnSoundOff.png */ = {isa = PBXFileReference; lastKnownFileType = image.png; path = btnSoundOff.png; sourceTree = "<group>"; };
		BAB218101F192ABD0067DF4E /* btnSoundOn_Normal.png */ = {isa = PBXFileReference; lastKnownFileType = image.png; path = btnSoundOn_Normal.png; sourceTree = "<group>"; };
		BAB218111F192ABD0067DF4E /* btnStart_Normal.png */ = {isa = PBXFileReference; lastKnownFileType = image.png; path = btnStart_Normal.png; sourceTree = "<group>"; };
		BAB218121F192ABD0067DF4E /* btnTheme_Normal.png */ = {isa = PBXFileReference; lastKnownFileType = image.png; path = btnTheme_Normal.png; sourceTree = "<group>"; };
		BAB218131F192ABD0067DF4E /* help.png */ = {isa = PBXFileReference; lastKnownFileType = image.png; path = help.png; sourceTree = "<group>"; };
		BAB218141F192ABD0067DF4E /* seeting_layer.png */ = {isa = PBXFileReference; lastKnownFileType = image.png; path = seeting_layer.png; sourceTree = "<group>"; };
		BAB218161F192ABD0067DF4E /* btn-close-back.png */ = {isa = PBXFileReference; lastKnownFileType = image.png; path = "btn-close-back.png"; sourceTree = "<group>"; };
		BAB218171F192ABD0067DF4E /* btn-mainhome-over.png */ = {isa = PBXFileReference; lastKnownFileType = image.png; path = "btn-mainhome-over.png"; sourceTree = "<group>"; };
		BAB218181F192ABD0067DF4E /* btn-next-win.png */ = {isa = PBXFileReference; lastKnownFileType = image.png; path = "btn-next-win.png"; sourceTree = "<group>"; };
		BAB218191F192ABD0067DF4E /* btn-ok-back.png */ = {isa = PBXFileReference; lastKnownFileType = image.png; path = "btn-ok-back.png"; sourceTree = "<group>"; };
		BAB2181A1F192ABD0067DF4E /* btn-replay-over.png */ = {isa = PBXFileReference; lastKnownFileType = image.png; path = "btn-replay-over.png"; sourceTree = "<group>"; };
		BAB2181B1F192ABD0067DF4E /* btnplay-pause.png */ = {isa = PBXFileReference; lastKnownFileType = image.png; path = "btnplay-pause.png"; sourceTree = "<group>"; };
		BAB2181C1F192ABD0067DF4E /* popup-back.png */ = {isa = PBXFileReference; lastKnownFileType = image.png; path = "popup-back.png"; sourceTree = "<group>"; };
		BAB2181D1F192ABD0067DF4E /* popup-gameover.png */ = {isa = PBXFileReference; lastKnownFileType = image.png; path = "popup-gameover.png"; sourceTree = "<group>"; };
		BAB2181E1F192ABD0067DF4E /* popup-pause.png */ = {isa = PBXFileReference; lastKnownFileType = image.png; path = "popup-pause.png"; sourceTree = "<group>"; };
		BAB2181F1F192ABD0067DF4E /* popup-refresh.png */ = {isa = PBXFileReference; lastKnownFileType = image.png; path = "popup-refresh.png"; sourceTree = "<group>"; };
		BAB218201F192ABD0067DF4E /* popup-win.png */ = {isa = PBXFileReference; lastKnownFileType = image.png; path = "popup-win.png"; sourceTree = "<group>"; };
		BAB218221F192ABD0067DF4E /* music.mp3 */ = {isa = PBXFileReference; lastKnownFileType = audio.mp3; path = music.mp3; sourceTree = "<group>"; };
		BAB218231F192ABD0067DF4E /* PClick.mp3 */ = {isa = PBXFileReference; lastKnownFileType = audio.mp3; path = PClick.mp3; sourceTree = "<group>"; };
		BAB218241F192ABD0067DF4E /* PMiss.mp3 */ = {isa = PBXFileReference; lastKnownFileType = audio.mp3; path = PMiss.mp3; sourceTree = "<group>"; };
		BAB218251F192ABD0067DF4E /* PSucces.mp3 */ = {isa = PBXFileReference; lastKnownFileType = audio.mp3; path = PSucces.mp3; sourceTree = "<group>"; };
		BAB218261F192ABD0067DF4E /* soundClick.mp3 */ = {isa = PBXFileReference; lastKnownFileType = audio.mp3; path = soundClick.mp3; sourceTree = "<group>"; };
		BAB218511F192ACA0067DF4E /* AdmodAndroid.cpp */ = {isa = PBXFileReference; fileEncoding = 4; lastKnownFileType = sourcecode.cpp.cpp; path = AdmodAndroid.cpp; sourceTree = "<group>"; };
		BAB218521F192ACA0067DF4E /* AdmodAndroid.h */ = {isa = PBXFileReference; fileEncoding = 4; lastKnownFileType = sourcecode.c.h; path = AdmodAndroid.h; sourceTree = "<group>"; };
		BAB218531F192ACA0067DF4E /* AIRandomSuggest.cpp */ = {isa = PBXFileReference; fileEncoding = 4; lastKnownFileType = sourcecode.cpp.cpp; path = AIRandomSuggest.cpp; sourceTree = "<group>"; };
		BAB218541F192ACA0067DF4E /* AIRandomSuggest.h */ = {isa = PBXFileReference; fileEncoding = 4; lastKnownFileType = sourcecode.c.h; path = AIRandomSuggest.h; sourceTree = "<group>"; };
		BAB218551F192ACA0067DF4E /* AlgorithmPikachu.cpp */ = {isa = PBXFileReference; fileEncoding = 4; lastKnownFileType = sourcecode.cpp.cpp; path = AlgorithmPikachu.cpp; sourceTree = "<group>"; };
		BAB218561F192ACA0067DF4E /* AlgorithmPikachu.h */ = {isa = PBXFileReference; fileEncoding = 4; lastKnownFileType = sourcecode.c.h; path = AlgorithmPikachu.h; sourceTree = "<group>"; };
		BAB218571F192ACA0067DF4E /* AlgorithmRandom.cpp */ = {isa = PBXFileReference; fileEncoding = 4; lastKnownFileType = sourcecode.cpp.cpp; path = AlgorithmRandom.cpp; sourceTree = "<group>"; };
		BAB218581F192ACA0067DF4E /* AlgorithmRandom.h */ = {isa = PBXFileReference; fileEncoding = 4; lastKnownFileType = sourcecode.c.h; path = AlgorithmRandom.h; sourceTree = "<group>"; };
		BAB218591F192ACA0067DF4E /* AndroidScene.cpp */ = {isa = PBXFileReference; fileEncoding = 4; lastKnownFileType = sourcecode.cpp.cpp; path = AndroidScene.cpp; sourceTree = "<group>"; };
		BAB2185A1F192ACA0067DF4E /* AndroidScene.h */ = {isa = PBXFileReference; fileEncoding = 4; lastKnownFileType = sourcecode.c.h; path = AndroidScene.h; sourceTree = "<group>"; };
		BAB2185B1F192ACA0067DF4E /* BaseOject.cpp */ = {isa = PBXFileReference; fileEncoding = 4; lastKnownFileType = sourcecode.cpp.cpp; path = BaseOject.cpp; sourceTree = "<group>"; };
		BAB2185C1F192ACA0067DF4E /* BaseOject.h */ = {isa = PBXFileReference; fileEncoding = 4; lastKnownFileType = sourcecode.c.h; path = BaseOject.h; sourceTree = "<group>"; };
		BAB2185D1F192ACA0067DF4E /* ButtonCustom.cpp */ = {isa = PBXFileReference; fileEncoding = 4; lastKnownFileType = sourcecode.cpp.cpp; path = ButtonCustom.cpp; sourceTree = "<group>"; };
		BAB2185E1F192ACA0067DF4E /* ButtonCustom.h */ = {isa = PBXFileReference; fileEncoding = 4; lastKnownFileType = sourcecode.c.h; path = ButtonCustom.h; sourceTree = "<group>"; };
		BAB2185F1F192ACA0067DF4E /* DataUser.cpp */ = {isa = PBXFileReference; fileEncoding = 4; lastKnownFileType = sourcecode.cpp.cpp; path = DataUser.cpp; sourceTree = "<group>"; };
		BAB218601F192ACA0067DF4E /* DataUser.h */ = {isa = PBXFileReference; fileEncoding = 4; lastKnownFileType = sourcecode.c.h; path = DataUser.h; sourceTree = "<group>"; };
		BAB218611F192ACA0067DF4E /* DrawLinePikachu.cpp */ = {isa = PBXFileReference; fileEncoding = 4; lastKnownFileType = sourcecode.cpp.cpp; path = DrawLinePikachu.cpp; sourceTree = "<group>"; };
		BAB218621F192ACA0067DF4E /* DrawLinePikachu.h */ = {isa = PBXFileReference; fileEncoding = 4; lastKnownFileType = sourcecode.c.h; path = DrawLinePikachu.h; sourceTree = "<group>"; };
		BAB218631F192ACA0067DF4E /* GameBoard.cpp */ = {isa = PBXFileReference; fileEncoding = 4; lastKnownFileType = sourcecode.cpp.cpp; path = GameBoard.cpp; sourceTree = "<group>"; };
		BAB218641F192ACA0067DF4E /* GameBoard.h */ = {isa = PBXFileReference; fileEncoding = 4; lastKnownFileType = sourcecode.c.h; path = GameBoard.h; sourceTree = "<group>"; };
		BAB218651F192ACA0067DF4E /* GameDefine.h */ = {isa = PBXFileReference; fileEncoding = 4; lastKnownFileType = sourcecode.c.h; path = GameDefine.h; sourceTree = "<group>"; };
		BAB218661F192ACA0067DF4E /* GameScene.cpp */ = {isa = PBXFileReference; fileEncoding = 4; lastKnownFileType = sourcecode.cpp.cpp; path = GameScene.cpp; sourceTree = "<group>"; };
		BAB218671F192ACA0067DF4E /* GameScene.h */ = {isa = PBXFileReference; fileEncoding = 4; lastKnownFileType = sourcecode.c.h; path = GameScene.h; sourceTree = "<group>"; };
		BAB218681F192ACA0067DF4E /* HomeScene.cpp */ = {isa = PBXFileReference; fileEncoding = 4; lastKnownFileType = sourcecode.cpp.cpp; path = HomeScene.cpp; sourceTree = "<group>"; };
		BAB218691F192ACA0067DF4E /* HomeScene.h */ = {isa = PBXFileReference; fileEncoding = 4; lastKnownFileType = sourcecode.c.h; path = HomeScene.h; sourceTree = "<group>"; };
		BAB2186A1F192ACA0067DF4E /* MyLine.cpp */ = {isa = PBXFileReference; fileEncoding = 4; lastKnownFileType = sourcecode.cpp.cpp; path = MyLine.cpp; sourceTree = "<group>"; };
		BAB2186B1F192ACA0067DF4E /* MyLine.h */ = {isa = PBXFileReference; fileEncoding = 4; lastKnownFileType = sourcecode.c.h; path = MyLine.h; sourceTree = "<group>"; };
		BAB2186C1F192ACA0067DF4E /* PikachuObject.cpp */ = {isa = PBXFileReference; fileEncoding = 4; lastKnownFileType = sourcecode.cpp.cpp; path = PikachuObject.cpp; sourceTree = "<group>"; };
		BAB2186D1F192ACA0067DF4E /* PikachuObject.h */ = {isa = PBXFileReference; fileEncoding = 4; lastKnownFileType = sourcecode.c.h; path = PikachuObject.h; sourceTree = "<group>"; };
		BAB2186E1F192ACA0067DF4E /* PopupGame.cpp */ = {isa = PBXFileReference; fileEncoding = 4; lastKnownFileType = sourcecode.cpp.cpp; path = PopupGame.cpp; sourceTree = "<group>"; };
		BAB2186F1F192ACA0067DF4E /* PopupGame.h */ = {isa = PBXFileReference; fileEncoding = 4; lastKnownFileType = sourcecode.c.h; path = PopupGame.h; sourceTree = "<group>"; };
		BAB218701F192ACA0067DF4E /* ProgressBarCustom.cpp */ = {isa = PBXFileReference; fileEncoding = 4; lastKnownFileType = sourcecode.cpp.cpp; path = ProgressBarCustom.cpp; sourceTree = "<group>"; };
		BAB218711F192ACA0067DF4E /* ProgressBarCustom.h */ = {isa = PBXFileReference; fileEncoding = 4; lastKnownFileType = sourcecode.c.h; path = ProgressBarCustom.h; sourceTree = "<group>"; };
		BF170DB012928DE900B8313A /* OpenGLES.framework */ = {isa = PBXFileReference; lastKnownFileType = wrapper.framework; name = OpenGLES.framework; path = System/Library/Frameworks/OpenGLES.framework; sourceTree = SDKROOT; };
		BF170DB412928DE900B8313A /* libz.dylib */ = {isa = PBXFileReference; lastKnownFileType = "compiled.mach-o.dylib"; name = libz.dylib; path = usr/lib/libz.dylib; sourceTree = SDKROOT; };
		BF1C47EA1293683800B63C5D /* QuartzCore.framework */ = {isa = PBXFileReference; lastKnownFileType = wrapper.framework; name = QuartzCore.framework; path = System/Library/Frameworks/QuartzCore.framework; sourceTree = SDKROOT; };
		D44C620B132DFF330009C878 /* OpenAL.framework */ = {isa = PBXFileReference; lastKnownFileType = wrapper.framework; name = OpenAL.framework; path = System/Library/Frameworks/OpenAL.framework; sourceTree = SDKROOT; };
		D44C620D132DFF430009C878 /* AVFoundation.framework */ = {isa = PBXFileReference; lastKnownFileType = wrapper.framework; name = AVFoundation.framework; path = System/Library/Frameworks/AVFoundation.framework; sourceTree = SDKROOT; };
		D44C620F132DFF4E0009C878 /* AudioToolbox.framework */ = {isa = PBXFileReference; lastKnownFileType = wrapper.framework; name = AudioToolbox.framework; path = System/Library/Frameworks/AudioToolbox.framework; sourceTree = SDKROOT; };
		D6B0611A1803AB670077942B /* CoreMotion.framework */ = {isa = PBXFileReference; lastKnownFileType = wrapper.framework; name = CoreMotion.framework; path = Platforms/iPhoneOS.platform/Developer/SDKs/iPhoneOS7.0.sdk/System/Library/Frameworks/CoreMotion.framework; sourceTree = DEVELOPER_DIR; };
		ED545A7B1B68A1F400C3958E /* libiconv.dylib */ = {isa = PBXFileReference; lastKnownFileType = "compiled.mach-o.dylib"; name = libiconv.dylib; path = Platforms/iPhoneOS.platform/Developer/SDKs/iPhoneOS8.4.sdk/usr/lib/libiconv.dylib; sourceTree = DEVELOPER_DIR; };
		ED545A7D1B68A1FA00C3958E /* libiconv.dylib */ = {isa = PBXFileReference; lastKnownFileType = "compiled.mach-o.dylib"; name = libiconv.dylib; path = usr/lib/libiconv.dylib; sourceTree = SDKROOT; };
/* End PBXFileReference section */

/* Begin PBXFrameworksBuildPhase section */
		1D60588F0D05DD3D006BFB54 /* Frameworks */ = {
			isa = PBXFrameworksBuildPhase;
			buildActionMask = 2147483647;
			files = (
				294D0D641D0D56D500F7F5D4 /* CoreText.framework in Frameworks */,
				ED545A7C1B68A1F400C3958E /* libiconv.dylib in Frameworks */,
				52B47A471A53D09C004E4C60 /* Security.framework in Frameworks */,
				1AC6FB30180E99EB004C840B /* libcocos2d iOS.a in Frameworks */,
				D6B0611B1803AB670077942B /* CoreMotion.framework in Frameworks */,
				1D60589F0D05DD5A006BFB54 /* Foundation.framework in Frameworks */,
				1DF5F4E00D08C38300B7A737 /* UIKit.framework in Frameworks */,
				288765A50DF7441C002DB57D /* CoreGraphics.framework in Frameworks */,
				BF171245129291EC00B8313A /* OpenGLES.framework in Frameworks */,
				BF1712471292920000B8313A /* libz.dylib in Frameworks */,
				BF1C47F01293687400B63C5D /* QuartzCore.framework in Frameworks */,
				D44C620C132DFF330009C878 /* OpenAL.framework in Frameworks */,
				D44C620E132DFF430009C878 /* AVFoundation.framework in Frameworks */,
				D44C6210132DFF4E0009C878 /* AudioToolbox.framework in Frameworks */,
			);
			runOnlyForDeploymentPostprocessing = 0;
		};
		5087E75C17EB910900C73F5D /* Frameworks */ = {
			isa = PBXFrameworksBuildPhase;
			buildActionMask = 2147483647;
			files = (
				ED545A7E1B68A1FA00C3958E /* libiconv.dylib in Frameworks */,
				1AC6FB21180E996B004C840B /* libcocos2d Mac.a in Frameworks */,
				5087E76717EB910900C73F5D /* libz.dylib in Frameworks */,
				8262943E1AAF051F00CB7CF7 /* Security.framework in Frameworks */,
				503AE11B17EB9C5A00D1A890 /* IOKit.framework in Frameworks */,
				5087E78B17EB975400C73F5D /* OpenGL.framework in Frameworks */,
				5087E78917EB974C00C73F5D /* AppKit.framework in Frameworks */,
				5087E76317EB910900C73F5D /* Foundation.framework in Frameworks */,
				5087E76817EB910900C73F5D /* QuartzCore.framework in Frameworks */,
				5087E76917EB910900C73F5D /* OpenAL.framework in Frameworks */,
				5087E76A17EB910900C73F5D /* AVFoundation.framework in Frameworks */,
				5087E76B17EB910900C73F5D /* AudioToolbox.framework in Frameworks */,
			);
			runOnlyForDeploymentPostprocessing = 0;
		};
/* End PBXFrameworksBuildPhase section */

/* Begin PBXGroup section */
		080E96DDFE201D6D7F000001 /* ios */ = {
			isa = PBXGroup;
			children = (
				5087E77117EB970100C73F5D /* Icons */,
				503AE0FA17EB989F00D1A890 /* AppController.h */,
				503AE0FB17EB989F00D1A890 /* AppController.mm */,
				503AE0FC17EB989F00D1A890 /* main.m */,
				503AE0FD17EB989F00D1A890 /* Prefix.pch */,
				503AE0FE17EB989F00D1A890 /* RootViewController.h */,
				503AE0FF17EB989F00D1A890 /* RootViewController.mm */,
			);
			name = ios;
			path = Classes;
			sourceTree = "<group>";
		};
		19C28FACFE9D520D11CA2CBB /* Products */ = {
			isa = PBXGroup;
			children = (
				1D6058910D05DD3D006BFB54 /* PikachuOnetClassic-mobile.app */,
				5087E76F17EB910900C73F5D /* PikachuOnetClassic-desktop.app */,
			);
			name = Products;
			sourceTree = "<group>";
		};
		1AC6FAE6180E9839004C840B /* Products */ = {
			isa = PBXGroup;
			children = (
				1AC6FAF9180E9839004C840B /* libcocos2d Mac.a */,
				1AC6FB07180E9839004C840B /* libcocos2d iOS.a */,
				BAB217F71F192AB30067DF4E /* libcocos2d tvOS.a */,
			);
			name = Products;
			sourceTree = "<group>";
		};
		29B97314FDCFA39411CA2CEA /* CustomTemplate */ = {
			isa = PBXGroup;
			children = (
				46880B8319C43A87006E1F66 /* Classes */,
				46880B7519C43A67006E1F66 /* Resources */,
				1AC6FAE5180E9839004C840B /* cocos2d_libs.xcodeproj */,
				29B97323FDCFA39411CA2CEA /* Frameworks */,
				080E96DDFE201D6D7F000001 /* ios */,
				503AE10617EB990700D1A890 /* mac */,
				19C28FACFE9D520D11CA2CBB /* Products */,
			);
			name = CustomTemplate;
			sourceTree = "<group>";
		};
		29B97323FDCFA39411CA2CEA /* Frameworks */ = {
			isa = PBXGroup;
			children = (
				294D0D631D0D56D500F7F5D4 /* CoreText.framework */,
				ED545A7D1B68A1FA00C3958E /* libiconv.dylib */,
				ED545A7B1B68A1F400C3958E /* libiconv.dylib */,
				8262943D1AAF051F00CB7CF7 /* Security.framework */,
				52B47A461A53D09B004E4C60 /* Security.framework */,
				D6B0611A1803AB670077942B /* CoreMotion.framework */,
				503AE11A17EB9C5A00D1A890 /* IOKit.framework */,
				503AE11117EB99EE00D1A890 /* libcurl.dylib */,
				5087E78A17EB975400C73F5D /* OpenGL.framework */,
				5087E78817EB974C00C73F5D /* AppKit.framework */,
				1ACB3243164770DE00914215 /* libcurl.a */,
				BF170DB412928DE900B8313A /* libz.dylib */,
				D44C620F132DFF4E0009C878 /* AudioToolbox.framework */,
				D44C620D132DFF430009C878 /* AVFoundation.framework */,
				288765A40DF7441C002DB57D /* CoreGraphics.framework */,
				1D30AB110D05D00D00671497 /* Foundation.framework */,
				D44C620B132DFF330009C878 /* OpenAL.framework */,
				BF170DB012928DE900B8313A /* OpenGLES.framework */,
				BF1C47EA1293683800B63C5D /* QuartzCore.framework */,
				1DF5F4DF0D08C38300B7A737 /* UIKit.framework */,
			);
			name = Frameworks;
			sourceTree = "<group>";
		};
		46880B7519C43A67006E1F66 /* Resources */ = {
			isa = PBXGroup;
			children = (
				BAB217F81F192ABD0067DF4E /* icon */,
				BAB217FA1F192ABD0067DF4E /* imagegameScene */,
				BAB2180C1F192ABD0067DF4E /* imagehome */,
				BAB218151F192ABD0067DF4E /* popup */,
				BAB218211F192ABD0067DF4E /* sound */,
				521A8EA819F11F5000D177D7 /* fonts */,
				3EACC98E19EE6D4300EB3C5E /* res */,
			);
			name = Resources;
			path = ../Resources;
			sourceTree = "<group>";
		};
		46880B8319C43A87006E1F66 /* Classes */ = {
			isa = PBXGroup;
			children = (
				46880B8519C43A87006E1F66 /* AppDelegate.h */,
				46880B8419C43A87006E1F66 /* AppDelegate.cpp */,
				BAB218651F192ACA0067DF4E /* GameDefine.h */,
				BA2C6C081F1A27CF00735315 /* UICustom */,
				BA2C6C071F1A27BC00735315 /* Object */,
				BA2C6C061F1A27A000735315 /* Scene */,
				BA2C6C051F1A279400735315 /* AI */,
				BA2C6C041F1A278200735315 /* Admod */,
				BAB218631F192ACA0067DF4E /* GameBoard.cpp */,
				BAB218641F192ACA0067DF4E /* GameBoard.h */,
			);
			name = Classes;
			path = ../Classes;
			sourceTree = "<group>";
		};
		503AE0F517EB97AB00D1A890 /* Icons */ = {
			isa = PBXGroup;
			children = (
				503AE0F617EB97AB00D1A890 /* Icon.icns */,
				503AE0F717EB97AB00D1A890 /* Info.plist */,
			);
			name = Icons;
			path = mac;
			sourceTree = SOURCE_ROOT;
		};
		503AE10617EB990700D1A890 /* mac */ = {
			isa = PBXGroup;
			children = (
				503AE0F517EB97AB00D1A890 /* Icons */,
				503AE10317EB98FF00D1A890 /* main.cpp */,
				503AE10417EB98FF00D1A890 /* Prefix.pch */,
			);
			name = mac;
			sourceTree = "<group>";
		};
		5087E77117EB970100C73F5D /* Icons */ = {
			isa = PBXGroup;
			children = (
				521A8E6219F0C34300D177D7 /* Default-667h@2x.png */,
				521A8E6319F0C34300D177D7 /* Default-736h@3x.png */,
				5087E77217EB970100C73F5D /* Default-568h@2x.png */,
				5087E77317EB970100C73F5D /* Default.png */,
				5087E77417EB970100C73F5D /* Default@2x.png */,
				50EF62A017ECD613001EB2F8 /* Icon-29.png */,
				50EF62A117ECD613001EB2F8 /* Icon-50.png */,
				50EF629217ECD46A001EB2F8 /* Icon-40.png */,
				50EF629317ECD46A001EB2F8 /* Icon-58.png */,
				50EF629417ECD46A001EB2F8 /* Icon-80.png */,
				50EF629517ECD46A001EB2F8 /* Icon-100.png */,
				5087E77517EB970100C73F5D /* Icon-114.png */,
				5087E77617EB970100C73F5D /* Icon-120.png */,
				5087E77717EB970100C73F5D /* Icon-144.png */,
				5087E77817EB970100C73F5D /* Icon-152.png */,
				5087E77917EB970100C73F5D /* Icon-57.png */,
				5087E77A17EB970100C73F5D /* Icon-72.png */,
				5087E77B17EB970100C73F5D /* Icon-76.png */,
				5087E77C17EB970100C73F5D /* Info.plist */,
			);
			name = Icons;
			path = ios;
			sourceTree = SOURCE_ROOT;
		};
		BA2C6C041F1A278200735315 /* Admod */ = {
			isa = PBXGroup;
			children = (
				BAB218521F192ACA0067DF4E /* AdmodAndroid.h */,
				BAB218511F192ACA0067DF4E /* AdmodAndroid.cpp */,
				BA2C6C0D1F1A539E00735315 /* GoogleReward.h */,
				BA2C6C0C1F1A539E00735315 /* GoogleReward.cpp */,
			);
			name = Admod;
			sourceTree = "<group>";
		};
		BA2C6C051F1A279400735315 /* AI */ = {
			isa = PBXGroup;
			children = (
				BAB218531F192ACA0067DF4E /* AIRandomSuggest.cpp */,
				BAB218541F192ACA0067DF4E /* AIRandomSuggest.h */,
				BAB218551F192ACA0067DF4E /* AlgorithmPikachu.cpp */,
				BAB218561F192ACA0067DF4E /* AlgorithmPikachu.h */,
				BAB218571F192ACA0067DF4E /* AlgorithmRandom.cpp */,
				BAB218581F192ACA0067DF4E /* AlgorithmRandom.h */,
			);
			name = AI;
			sourceTree = "<group>";
		};
		BA2C6C061F1A27A000735315 /* Scene */ = {
			isa = PBXGroup;
			children = (
				BAB218591F192ACA0067DF4E /* AndroidScene.cpp */,
				BAB2185A1F192ACA0067DF4E /* AndroidScene.h */,
				BAB218661F192ACA0067DF4E /* GameScene.cpp */,
				BAB218671F192ACA0067DF4E /* GameScene.h */,
				BAB218681F192ACA0067DF4E /* HomeScene.cpp */,
				BAB218691F192ACA0067DF4E /* HomeScene.h */,
			);
			name = Scene;
			sourceTree = "<group>";
		};
		BA2C6C071F1A27BC00735315 /* Object */ = {
			isa = PBXGroup;
			children = (
				BAB2186C1F192ACA0067DF4E /* PikachuObject.cpp */,
				BAB2186D1F192ACA0067DF4E /* PikachuObject.h */,
				BAB2186A1F192ACA0067DF4E /* MyLine.cpp */,
				BAB2186B1F192ACA0067DF4E /* MyLine.h */,
				BAB2185B1F192ACA0067DF4E /* BaseOject.cpp */,
				BAB2185C1F192ACA0067DF4E /* BaseOject.h */,
			);
			name = Object;
			sourceTree = "<group>";
		};
		BA2C6C081F1A27CF00735315 /* UICustom */ = {
			isa = PBXGroup;
			children = (
				BAB218701F192ACA0067DF4E /* ProgressBarCustom.cpp */,
				BAB218711F192ACA0067DF4E /* ProgressBarCustom.h */,
				BAB2186E1F192ACA0067DF4E /* PopupGame.cpp */,
				BAB2186F1F192ACA0067DF4E /* PopupGame.h */,
				BAB2185D1F192ACA0067DF4E /* ButtonCustom.cpp */,
				BAB2185E1F192ACA0067DF4E /* ButtonCustom.h */,
				BAB2185F1F192ACA0067DF4E /* DataUser.cpp */,
				BAB218601F192ACA0067DF4E /* DataUser.h */,
				BAB218611F192ACA0067DF4E /* DrawLinePikachu.cpp */,
				BAB218621F192ACA0067DF4E /* DrawLinePikachu.h */,
			);
			name = UICustom;
			sourceTree = "<group>";
		};
		BAB217F81F192ABD0067DF4E /* icon */ = {
			isa = PBXGroup;
			children = (
				BAB217F91F192ABD0067DF4E /* logo.png */,
			);
			path = icon;
			sourceTree = "<group>";
		};
		BAB217FA1F192ABD0067DF4E /* imagegameScene */ = {
			isa = PBXGroup;
			children = (
				BA76C0431F1D372100B084DE /* coin-reward.png */,
				BA76C0411F1D337E00B084DE /* buttonAddTime.png */,
				BA76C03F1F1D1FFD00B084DE /* moneyItem.png */,
				BA76C03B1F1D17CF00B084DE /* layoutButton.png */,
				BAB217FB1F192ABD0067DF4E /* bg_Loading.png */,
				BAB217FC1F192ABD0067DF4E /* bgAnimal1.png */,
				BAB217FD1F192ABD0067DF4E /* bgAnimal2.png */,
				BAB217FE1F192ABD0067DF4E /* bgAnimal3.png */,
				BAB217FF1F192ABD0067DF4E /* bgAnimal4.png */,
				BAB218001F192ABD0067DF4E /* bgAnimal5.png */,
				BAB218011F192ABD0067DF4E /* bgCountItem.png */,
				BAB218021F192ABD0067DF4E /* bgGameScene.png */,
				BAB218031F192ABD0067DF4E /* button-ok.png */,
				BAB218041F192ABD0067DF4E /* buttonBack.png */,
				BAB218051F192ABD0067DF4E /* buttonPause.png */,
				BAB218061F192ABD0067DF4E /* buttonRefresh.png */,
				BAB218071F192ABD0067DF4E /* buttonSuggest.png */,
				BAB218091F192ABD0067DF4E /* loading.png */,
				BAB2180A1F192ABD0067DF4E /* PikachuImage.plist */,
				BAB2180B1F192ABD0067DF4E /* PikachuImage.png */,
			);
			path = imagegameScene;
			sourceTree = "<group>";
		};
		BAB2180C1F192ABD0067DF4E /* imagehome */ = {
			isa = PBXGroup;
			children = (
				BAB2180D1F192ABD0067DF4E /* btnChart_Normal.png */,
				BAB2180E1F192ABD0067DF4E /* btnHelp_Normal.png */,
				BAB2180F1F192ABD0067DF4E /* btnSoundOff.png */,
				BAB218101F192ABD0067DF4E /* btnSoundOn_Normal.png */,
				BAB218111F192ABD0067DF4E /* btnStart_Normal.png */,
				BAB218121F192ABD0067DF4E /* btnTheme_Normal.png */,
				BAB218131F192ABD0067DF4E /* help.png */,
				BAB218141F192ABD0067DF4E /* seeting_layer.png */,
			);
			path = imagehome;
			sourceTree = "<group>";
		};
		BAB218151F192ABD0067DF4E /* popup */ = {
			isa = PBXGroup;
			children = (
				BAB218161F192ABD0067DF4E /* btn-close-back.png */,
				BAB218171F192ABD0067DF4E /* btn-mainhome-over.png */,
				BAB218181F192ABD0067DF4E /* btn-next-win.png */,
				BAB218191F192ABD0067DF4E /* btn-ok-back.png */,
				BAB2181A1F192ABD0067DF4E /* btn-replay-over.png */,
				BAB2181B1F192ABD0067DF4E /* btnplay-pause.png */,
				BAB2181C1F192ABD0067DF4E /* popup-back.png */,
				BAB2181D1F192ABD0067DF4E /* popup-gameover.png */,
				BAB2181E1F192ABD0067DF4E /* popup-pause.png */,
				BAB2181F1F192ABD0067DF4E /* popup-refresh.png */,
				BAB218201F192ABD0067DF4E /* popup-win.png */,
			);
			path = popup;
			sourceTree = "<group>";
		};
		BAB218211F192ABD0067DF4E /* sound */ = {
			isa = PBXGroup;
			children = (
				BAB218221F192ABD0067DF4E /* music.mp3 */,
				BAB218231F192ABD0067DF4E /* PClick.mp3 */,
				BAB218241F192ABD0067DF4E /* PMiss.mp3 */,
				BAB218251F192ABD0067DF4E /* PSucces.mp3 */,
				BAB218261F192ABD0067DF4E /* soundClick.mp3 */,
			);
			path = sound;
			sourceTree = "<group>";
		};
/* End PBXGroup section */

/* Begin PBXNativeTarget section */
		1D6058900D05DD3D006BFB54 /* PikachuOnetClassic-mobile */ = {
			isa = PBXNativeTarget;
			buildConfigurationList = 1D6058960D05DD3E006BFB54 /* Build configuration list for PBXNativeTarget "PikachuOnetClassic-mobile" */;
			buildPhases = (
				1D60588D0D05DD3D006BFB54 /* Resources */,
				1D60588E0D05DD3D006BFB54 /* Sources */,
				1D60588F0D05DD3D006BFB54 /* Frameworks */,
			);
			buildRules = (
			);
			dependencies = (
				1AC6FB25180E99E1004C840B /* PBXTargetDependency */,
			);
			name = "PikachuOnetClassic-mobile";
			productName = iphone;
			productReference = 1D6058910D05DD3D006BFB54 /* PikachuOnetClassic-mobile.app */;
			productType = "com.apple.product-type.application";
		};
		5087E73D17EB910900C73F5D /* PikachuOnetClassic-desktop */ = {
			isa = PBXNativeTarget;
			buildConfigurationList = 5087E76C17EB910900C73F5D /* Build configuration list for PBXNativeTarget "PikachuOnetClassic-desktop" */;
			buildPhases = (
				5087E74817EB910900C73F5D /* Resources */,
				5087E75617EB910900C73F5D /* Sources */,
				5087E75C17EB910900C73F5D /* Frameworks */,
			);
			buildRules = (
			);
			dependencies = (
				1AC6FB16180E9959004C840B /* PBXTargetDependency */,
			);
			name = "PikachuOnetClassic-desktop";
			productName = iphone;
			productReference = 5087E76F17EB910900C73F5D /* PikachuOnetClassic-desktop.app */;
			productType = "com.apple.product-type.application";
		};
/* End PBXNativeTarget section */

/* Begin PBXProject section */
		29B97313FDCFA39411CA2CEA /* Project object */ = {
			isa = PBXProject;
			attributes = {
				LastUpgradeCheck = 0500;
			};
			buildConfigurationList = C01FCF4E08A954540054247B /* Build configuration list for PBXProject "PikachuOnetClassic" */;
			compatibilityVersion = "Xcode 3.2";
			developmentRegion = English;
			hasScannedForEncodings = 1;
			knownRegions = (
				English,
				Japanese,
				French,
				German,
			);
			mainGroup = 29B97314FDCFA39411CA2CEA /* CustomTemplate */;
			projectDirPath = "";
			projectReferences = (
				{
					ProductGroup = 1AC6FAE6180E9839004C840B /* Products */;
					ProjectRef = 1AC6FAE5180E9839004C840B /* cocos2d_libs.xcodeproj */;
				},
			);
			projectRoot = "";
			targets = (
				1D6058900D05DD3D006BFB54 /* PikachuOnetClassic-mobile */,
				5087E73D17EB910900C73F5D /* PikachuOnetClassic-desktop */,
			);
		};
/* End PBXProject section */

/* Begin PBXReferenceProxy section */
		1AC6FAF9180E9839004C840B /* libcocos2d Mac.a */ = {
			isa = PBXReferenceProxy;
			fileType = archive.ar;
			path = "libcocos2d Mac.a";
			remoteRef = 1AC6FAF8180E9839004C840B /* PBXContainerItemProxy */;
			sourceTree = BUILT_PRODUCTS_DIR;
		};
		1AC6FB07180E9839004C840B /* libcocos2d iOS.a */ = {
			isa = PBXReferenceProxy;
			fileType = archive.ar;
			path = "libcocos2d iOS.a";
			remoteRef = 1AC6FB06180E9839004C840B /* PBXContainerItemProxy */;
			sourceTree = BUILT_PRODUCTS_DIR;
		};
		BAB217F71F192AB30067DF4E /* libcocos2d tvOS.a */ = {
			isa = PBXReferenceProxy;
			fileType = archive.ar;
			path = "libcocos2d tvOS.a";
			remoteRef = BAB217F61F192AB30067DF4E /* PBXContainerItemProxy */;
			sourceTree = BUILT_PRODUCTS_DIR;
		};
/* End PBXReferenceProxy section */

/* Begin PBXResourcesBuildPhase section */
		1D60588D0D05DD3D006BFB54 /* Resources */ = {
			isa = PBXResourcesBuildPhase;
			buildActionMask = 2147483647;
			files = (
				BAB218361F192ABD0067DF4E /* loading.png in Resources */,
				BAB218411F192ABD0067DF4E /* btn-close-back.png in Resources */,
				BAB2183D1F192ABD0067DF4E /* btnStart_Normal.png in Resources */,
				BAB218331F192ABD0067DF4E /* buttonRefresh.png in Resources */,
				5087E78117EB970100C73F5D /* Icon-120.png in Resources */,
				BAB218471F192ABD0067DF4E /* popup-back.png in Resources */,
				5087E78617EB970100C73F5D /* Icon-76.png in Resources */,
				BAB2184E1F192ABD0067DF4E /* PMiss.mp3 in Resources */,
				BAB218401F192ABD0067DF4E /* seeting_layer.png in Resources */,
				5087E77F17EB970100C73F5D /* Default@2x.png in Resources */,
				BAB218431F192ABD0067DF4E /* btn-next-win.png in Resources */,
				50EF629917ECD46A001EB2F8 /* Icon-100.png in Resources */,
				BAB218491F192ABD0067DF4E /* popup-pause.png in Resources */,
				5087E78317EB970100C73F5D /* Icon-152.png in Resources */,
				BAB2182F1F192ABD0067DF4E /* bgGameScene.png in Resources */,
				BAB2182A1F192ABD0067DF4E /* bgAnimal2.png in Resources */,
				5087E77D17EB970100C73F5D /* Default-568h@2x.png in Resources */,
				BAB2183F1F192ABD0067DF4E /* help.png in Resources */,
				BAB2183A1F192ABD0067DF4E /* btnHelp_Normal.png in Resources */,
				BAB218501F192ABD0067DF4E /* soundClick.mp3 in Resources */,
				BAB218291F192ABD0067DF4E /* bgAnimal1.png in Resources */,
				BAB218371F192ABD0067DF4E /* PikachuImage.plist in Resources */,
				5087E78517EB970100C73F5D /* Icon-72.png in Resources */,
				BAB2184C1F192ABD0067DF4E /* music.mp3 in Resources */,
				521A8E6519F0C34300D177D7 /* Default-736h@3x.png in Resources */,
				BAB218381F192ABD0067DF4E /* PikachuImage.png in Resources */,
				521A8EA919F11F5000D177D7 /* fonts in Resources */,
				BAB2182D1F192ABD0067DF4E /* bgAnimal5.png in Resources */,
				BAB218301F192ABD0067DF4E /* button-ok.png in Resources */,
				BAB2184D1F192ABD0067DF4E /* PClick.mp3 in Resources */,
				BAB2183C1F192ABD0067DF4E /* btnSoundOn_Normal.png in Resources */,
				BAB218311F192ABD0067DF4E /* buttonBack.png in Resources */,
				BAB218341F192ABD0067DF4E /* buttonSuggest.png in Resources */,
				BAB2183B1F192ABD0067DF4E /* btnSoundOff.png in Resources */,
				BAB218281F192ABD0067DF4E /* bg_Loading.png in Resources */,
				BAB218451F192ABD0067DF4E /* btn-replay-over.png in Resources */,
				50EF62A317ECD613001EB2F8 /* Icon-50.png in Resources */,
				5087E78017EB970100C73F5D /* Icon-114.png in Resources */,
				BAB218271F192ABD0067DF4E /* logo.png in Resources */,
				BAB218421F192ABD0067DF4E /* btn-mainhome-over.png in Resources */,
				50EF62A217ECD613001EB2F8 /* Icon-29.png in Resources */,
				50EF629617ECD46A001EB2F8 /* Icon-40.png in Resources */,
				5087E78217EB970100C73F5D /* Icon-144.png in Resources */,
				BAB2182E1F192ABD0067DF4E /* bgCountItem.png in Resources */,
				BAB2183E1F192ABD0067DF4E /* btnTheme_Normal.png in Resources */,
				3EACC98F19EE6D4300EB3C5E /* res in Resources */,
				50EF629817ECD46A001EB2F8 /* Icon-80.png in Resources */,
				BAB2184F1F192ABD0067DF4E /* PSucces.mp3 in Resources */,
				BAB2184A1F192ABD0067DF4E /* popup-refresh.png in Resources */,
				BAB2182B1F192ABD0067DF4E /* bgAnimal3.png in Resources */,
				BAB218391F192ABD0067DF4E /* btnChart_Normal.png in Resources */,
				BA76C03C1F1D17CF00B084DE /* layoutButton.png in Resources */,
				BAB2184B1F192ABD0067DF4E /* popup-win.png in Resources */,
				5087E78417EB970100C73F5D /* Icon-57.png in Resources */,
				BA76C0401F1D1FFD00B084DE /* moneyItem.png in Resources */,
				BAB218461F192ABD0067DF4E /* btnplay-pause.png in Resources */,
				BA76C0421F1D337E00B084DE /* buttonAddTime.png in Resources */,
				5087E77E17EB970100C73F5D /* Default.png in Resources */,
				BAB218321F192ABD0067DF4E /* buttonPause.png in Resources */,
				521A8E6419F0C34300D177D7 /* Default-667h@2x.png in Resources */,
				BAB218441F192ABD0067DF4E /* btn-ok-back.png in Resources */,
				50EF629717ECD46A001EB2F8 /* Icon-58.png in Resources */,
				BA76C0441F1D372100B084DE /* coin-reward.png in Resources */,
				BAB218481F192ABD0067DF4E /* popup-gameover.png in Resources */,
				BAB2182C1F192ABD0067DF4E /* bgAnimal4.png in Resources */,
			);
			runOnlyForDeploymentPostprocessing = 0;
		};
		5087E74817EB910900C73F5D /* Resources */ = {
			isa = PBXResourcesBuildPhase;
			buildActionMask = 2147483647;
			files = (
				503AE0F817EB97AB00D1A890 /* Icon.icns in Resources */,
				3EACC99019EE6D4300EB3C5E /* res in Resources */,
				521A8EAA19F11F5000D177D7 /* fonts in Resources */,
			);
			runOnlyForDeploymentPostprocessing = 0;
		};
/* End PBXResourcesBuildPhase section */

/* Begin PBXSourcesBuildPhase section */
		1D60588E0D05DD3D006BFB54 /* Sources */ = {
			isa = PBXSourcesBuildPhase;
			buildActionMask = 2147483647;
			files = (
				BAB2187E1F192ACA0067DF4E /* MyLine.cpp in Sources */,
				BAB218761F192ACA0067DF4E /* AndroidScene.cpp in Sources */,
				46880B8819C43A87006E1F66 /* AppDelegate.cpp in Sources */,
				BAB218811F192ACA0067DF4E /* ProgressBarCustom.cpp in Sources */,
				BAB218791F192ACA0067DF4E /* DataUser.cpp in Sources */,
				BAB218771F192ACA0067DF4E /* BaseOject.cpp in Sources */,
				BA2C6C0E1F1A539E00735315 /* GoogleReward.cpp in Sources */,
				503AE10017EB989F00D1A890 /* AppController.mm in Sources */,
				BAB2187D1F192ACA0067DF4E /* HomeScene.cpp in Sources */,
				BAB218801F192ACA0067DF4E /* PopupGame.cpp in Sources */,
				BAB2187A1F192ACA0067DF4E /* DrawLinePikachu.cpp in Sources */,
				BAB218741F192ACA0067DF4E /* AlgorithmPikachu.cpp in Sources */,
				BAB218781F192ACA0067DF4E /* ButtonCustom.cpp in Sources */,
				BAB2187B1F192ACA0067DF4E /* GameBoard.cpp in Sources */,
				503AE10217EB989F00D1A890 /* RootViewController.mm in Sources */,
				BAB2187F1F192ACA0067DF4E /* PikachuObject.cpp in Sources */,
				BAB2187C1F192ACA0067DF4E /* GameScene.cpp in Sources */,
				BAB218751F192ACA0067DF4E /* AlgorithmRandom.cpp in Sources */,
				BAB218731F192ACA0067DF4E /* AIRandomSuggest.cpp in Sources */,
				BAB218721F192ACA0067DF4E /* AdmodAndroid.cpp in Sources */,
				503AE10117EB989F00D1A890 /* main.m in Sources */,
			);
			runOnlyForDeploymentPostprocessing = 0;
		};
		5087E75617EB910900C73F5D /* Sources */ = {
			isa = PBXSourcesBuildPhase;
			buildActionMask = 2147483647;
			files = (
				46880B8919C43A87006E1F66 /* AppDelegate.cpp in Sources */,
				503AE10517EB98FF00D1A890 /* main.cpp in Sources */,
			);
			runOnlyForDeploymentPostprocessing = 0;
		};
/* End PBXSourcesBuildPhase section */

/* Begin PBXTargetDependency section */
		1AC6FB16180E9959004C840B /* PBXTargetDependency */ = {
			isa = PBXTargetDependency;
			name = "cocos2dx Mac";
			targetProxy = 1AC6FB15180E9959004C840B /* PBXContainerItemProxy */;
		};
		1AC6FB25180E99E1004C840B /* PBXTargetDependency */ = {
			isa = PBXTargetDependency;
			name = "cocos2dx iOS";
			targetProxy = 1AC6FB24180E99E1004C840B /* PBXContainerItemProxy */;
		};
/* End PBXTargetDependency section */

/* Begin XCBuildConfiguration section */
		1D6058940D05DD3E006BFB54 /* Debug */ = {
			isa = XCBuildConfiguration;
			buildSettings = {
				ALWAYS_SEARCH_USER_PATHS = YES;
				CODE_SIGN_IDENTITY = "iPhone Developer";
				COMPRESS_PNG_FILES = NO;
				ENABLE_BITCODE = NO;
				GCC_DYNAMIC_NO_PIC = NO;
				GCC_INLINES_ARE_PRIVATE_EXTERN = NO;
				GCC_PRECOMPILE_PREFIX_HEADER = YES;
				GCC_PREFIX_HEADER = ios/Prefix.pch;
				GCC_PREPROCESSOR_DEFINITIONS = (
					USE_FILE32API,
					"COCOS2D_DEBUG=1",
					"CC_ENABLE_CHIPMUNK_INTEGRATION=1",
				);
				GCC_SYMBOLS_PRIVATE_EXTERN = NO;
				HEADER_SEARCH_PATHS = "$(inherited)";
				INFOPLIST_FILE = ios/Info.plist;
				IPHONEOS_DEPLOYMENT_TARGET = 6.0;
				LIBRARY_SEARCH_PATHS = "";
				OTHER_LDFLAGS = (
					"$(_COCOS_LIB_IOS_BEGIN)",
					"$(_COCOS_LIB_IOS_END)",
				);
				SDKROOT = iphoneos;
				STRIP_PNG_TEXT = NO;
				TARGETED_DEVICE_FAMILY = "1,2";
				USER_HEADER_SEARCH_PATHS = "$(_COCOS_HEADER_IOS_BEGIN) $(_COCOS_HEADER_IOS_END)";
				VALID_ARCHS = "arm64 armv7";
			};
			name = Debug;
		};
		1D6058950D05DD3E006BFB54 /* Release */ = {
			isa = XCBuildConfiguration;
			buildSettings = {
				ALWAYS_SEARCH_USER_PATHS = YES;
				CODE_SIGN_IDENTITY = "iPhone Developer";
				COMPRESS_PNG_FILES = NO;
				ENABLE_BITCODE = NO;
				GCC_INLINES_ARE_PRIVATE_EXTERN = NO;
				GCC_PRECOMPILE_PREFIX_HEADER = YES;
				GCC_PREFIX_HEADER = ios/Prefix.pch;
				GCC_PREPROCESSOR_DEFINITIONS = (
					USE_FILE32API,
					"CC_ENABLE_CHIPMUNK_INTEGRATION=1",
					NDEBUG,
				);
				GCC_SYMBOLS_PRIVATE_EXTERN = NO;
				HEADER_SEARCH_PATHS = "$(inherited)";
				INFOPLIST_FILE = ios/Info.plist;
				IPHONEOS_DEPLOYMENT_TARGET = 6.0;
				LIBRARY_SEARCH_PATHS = "";
				OTHER_LDFLAGS = (
					"$(_COCOS_LIB_IOS_BEGIN)",
					"$(_COCOS_LIB_IOS_END)",
				);
				SDKROOT = iphoneos;
				STRIP_PNG_TEXT = NO;
				TARGETED_DEVICE_FAMILY = "1,2";
				USER_HEADER_SEARCH_PATHS = "$(_COCOS_HEADER_IOS_BEGIN) $(_COCOS_HEADER_IOS_END)";
				VALID_ARCHS = "arm64 armv7";
			};
			name = Release;
		};
		5087E76D17EB910900C73F5D /* Debug */ = {
			isa = XCBuildConfiguration;
			buildSettings = {
				ALWAYS_SEARCH_USER_PATHS = YES;
				ARCHS = "$(ARCHS_STANDARD_64_BIT)";
				CLANG_CXX_LANGUAGE_STANDARD = "c++0x";
				CLANG_CXX_LIBRARY = "libc++";
				GCC_DYNAMIC_NO_PIC = NO;
				GCC_INLINES_ARE_PRIVATE_EXTERN = NO;
				GCC_PRECOMPILE_PREFIX_HEADER = YES;
				GCC_PREFIX_HEADER = mac/Prefix.pch;
				GCC_PREPROCESSOR_DEFINITIONS = (
					USE_FILE32API,
					"COCOS2D_DEBUG=1",
					"CC_ENABLE_CHIPMUNK_INTEGRATION=1",
				);
				GCC_SYMBOLS_PRIVATE_EXTERN = NO;
				HEADER_SEARCH_PATHS = (
					"$(inherited)",
					"$(SRCROOT)/../cocos2d/external/glfw3/include/mac",
				);
				INFOPLIST_FILE = mac/Info.plist;
				LIBRARY_SEARCH_PATHS = "";
				OTHER_LDFLAGS = (
					"$(_COCOS_LIB_MAC_BEGIN)",
					"$(_COCOS_LIB_MAC_END)",
				);
				USER_HEADER_SEARCH_PATHS = "$(_COCOS_HEADER_MAC_BEGIN) $(_COCOS_HEADER_MAC_END)";
			};
			name = Debug;
		};
		5087E76E17EB910900C73F5D /* Release */ = {
			isa = XCBuildConfiguration;
			buildSettings = {
				ALWAYS_SEARCH_USER_PATHS = YES;
				ARCHS = "$(ARCHS_STANDARD_64_BIT)";
				CLANG_CXX_LANGUAGE_STANDARD = "c++0x";
				CLANG_CXX_LIBRARY = "libc++";
				GCC_INLINES_ARE_PRIVATE_EXTERN = NO;
				GCC_PRECOMPILE_PREFIX_HEADER = YES;
				GCC_PREFIX_HEADER = mac/Prefix.pch;
				GCC_PREPROCESSOR_DEFINITIONS = (
					USE_FILE32API,
					"CC_ENABLE_CHIPMUNK_INTEGRATION=1",
					NDEBUG,
				);
				GCC_SYMBOLS_PRIVATE_EXTERN = NO;
				HEADER_SEARCH_PATHS = (
					"$(inherited)",
					"$(SRCROOT)/../cocos2d/external/glfw3/include/mac",
				);
				INFOPLIST_FILE = mac/Info.plist;
				LIBRARY_SEARCH_PATHS = "";
				OTHER_LDFLAGS = (
					"$(_COCOS_LIB_MAC_BEGIN)",
					"$(_COCOS_LIB_MAC_END)",
				);
				USER_HEADER_SEARCH_PATHS = "$(_COCOS_HEADER_MAC_BEGIN) $(_COCOS_HEADER_MAC_END)";
			};
			name = Release;
		};
		C01FCF4F08A954540054247B /* Debug */ = {
			isa = XCBuildConfiguration;
			buildSettings = {
				CLANG_CXX_LANGUAGE_STANDARD = "c++0x";
				CLANG_CXX_LIBRARY = "libc++";
				COPY_PHASE_STRIP = NO;
				GCC_OPTIMIZATION_LEVEL = 0;
				GCC_WARN_ABOUT_RETURN_TYPE = YES;
				GCC_WARN_UNUSED_VARIABLE = YES;
				HEADER_SEARCH_PATHS = (
					"$(SRCROOT)/../cocos2d",
					"$(SRCROOT)/../cocos2d/cocos/audio/include",
					"$(SRCROOT)/../cocos2d/cocos",
					"$(SRCROOT)/../cocos2d/extensions",
					"$(SRCROOT)/../cocos2d/external",
					"$(SRCROOT)/../cocos2d/external/chipmunk/include/chipmunk",
					"$(SRCROOT)/../cocos2d/cocos/editor-support",
				);
				IPHONEOS_DEPLOYMENT_TARGET = 6.0;
				MACOSX_DEPLOYMENT_TARGET = 10.7;
				ONLY_ACTIVE_ARCH = YES;
				PRODUCT_NAME = "$(TARGET_NAME)";
				SDKROOT = macosx;
			};
			name = Debug;
		};
		C01FCF5008A954540054247B /* Release */ = {
			isa = XCBuildConfiguration;
			buildSettings = {
				CLANG_CXX_LANGUAGE_STANDARD = "c++0x";
				CLANG_CXX_LIBRARY = "libc++";
				GCC_WARN_ABOUT_RETURN_TYPE = YES;
				GCC_WARN_UNUSED_VARIABLE = YES;
				HEADER_SEARCH_PATHS = (
					"$(SRCROOT)/../cocos2d",
					"$(SRCROOT)/../cocos2d/cocos/audio/include",
					"$(SRCROOT)/../cocos2d/cocos",
					"$(SRCROOT)/../cocos2d/extensions",
					"$(SRCROOT)/../cocos2d/external",
					"$(SRCROOT)/../cocos2d/external/chipmunk/include/chipmunk",
					"$(SRCROOT)/../cocos2d/cocos/editor-support",
				);
				IPHONEOS_DEPLOYMENT_TARGET = 6.0;
				MACOSX_DEPLOYMENT_TARGET = 10.7;
				OTHER_CFLAGS = "-DNS_BLOCK_ASSERTIONS=1";
				PRODUCT_NAME = "$(TARGET_NAME)";
				SDKROOT = macosx;
				VALIDATE_PRODUCT = YES;
			};
			name = Release;
		};
/* End XCBuildConfiguration section */

/* Begin XCConfigurationList section */
		1D6058960D05DD3E006BFB54 /* Build configuration list for PBXNativeTarget "PikachuOnetClassic-mobile" */ = {
			isa = XCConfigurationList;
			buildConfigurations = (
				1D6058940D05DD3E006BFB54 /* Debug */,
				1D6058950D05DD3E006BFB54 /* Release */,
			);
			defaultConfigurationIsVisible = 0;
			defaultConfigurationName = Debug;
		};
		5087E76C17EB910900C73F5D /* Build configuration list for PBXNativeTarget "PikachuOnetClassic-desktop" */ = {
			isa = XCConfigurationList;
			buildConfigurations = (
				5087E76D17EB910900C73F5D /* Debug */,
				5087E76E17EB910900C73F5D /* Release */,
			);
			defaultConfigurationIsVisible = 0;
			defaultConfigurationName = Debug;
		};
		C01FCF4E08A954540054247B /* Build configuration list for PBXProject "PikachuOnetClassic" */ = {
			isa = XCConfigurationList;
			buildConfigurations = (
				C01FCF4F08A954540054247B /* Debug */,
				C01FCF5008A954540054247B /* Release */,
			);
			defaultConfigurationIsVisible = 0;
			defaultConfigurationName = Debug;
		};
/* End XCConfigurationList section */
	};
	rootObject = 29B97313FDCFA39411CA2CEA /* Project object */;
}
